
Microsoft Visual Studio Solution File, Format Version 12.00
# Visual Studio Version 16
VisualStudioVersion = 16.0.29306.81
MinimumVisualStudioVersion = 10.0.40219.1
Project("{8BC9CEB8-8B4A-11D0-8D11-00A0C91BC942}") = "Problem 3 Perfect Number", "Problem 3 Perfect Number\Problem 3 Perfect Number.vcxproj", "{807EE65F-5042-4D49-8A55-88592A901746}"
EndProject
Global
	GlobalSection(SolutionConfigurationPlatforms) = preSolution
		Debug|x64 = Debug|x64
		Debug|x86 = Debug|x86
		Release|x64 = Release|x64
		Release|x86 = Release|x86
	EndGlobalSection
	GlobalSection(ProjectConfigurationPlatforms) = postSolution
		{807EE65F-5042-4D49-8A55-88592A901746}.Debug|x64.ActiveCfg = Debug|x64
		{807EE65F-5042-4D49-8A55-88592A901746}.Debug|x64.Build.0 = Debug|x64
		{807EE65F-5042-4D49-8A55-88592A901746}.Debug|x86.ActiveCfg = Debug|Win32
		{807EE65F-5042-4D49-8A55-88592A901746}.Debug|x86.Build.0 = Debug|Win32
		{807EE65F-5042-4D49-8A55-88592A901746}.Release|x64.ActiveCfg = Release|x64
		{807EE65F-5042-4D49-8A55-88592A901746}.Release|x64.Build.0 = Release|x64
		{807EE65F-5042-4D49-8A55-88592A901746}.Release|x86.ActiveCfg = Release|Win32
		{807EE65F-5042-4D49-8A55-88592A901746}.Release|x86.Build.0 = Release|Win32
	EndGlobalSection
	GlobalSection(SolutionProperties) = preSolution
		HideSolutionNode = FALSE
	EndGlobalSection
	GlobalSection(ExtensibilityGlobals) = postSolution
		SolutionGuid = {4BCD50FC-33F7-4AF7-8290-5EBDB9C936E3}
	EndGlobalSection
EndGlobal
