
Microsoft Visual Studio Solution File, Format Version 12.00
# Visual Studio Version 16
VisualStudioVersion = 16.0.29306.81
MinimumVisualStudioVersion = 10.0.40219.1
Project("{8BC9CEB8-8B4A-11D0-8D11-00A0C91BC942}") = "Problem 6 fill orders num in matrix", "Problem 6 fill orders num in matrix\Problem 6 fill orders num in matrix.vcxproj", "{978D9ADB-752A-41ED-9DD7-92BCA2DFA5D7}"
EndProject
Global
	GlobalSection(SolutionConfigurationPlatforms) = preSolution
		Debug|x64 = Debug|x64
		Debug|x86 = Debug|x86
		Release|x64 = Release|x64
		Release|x86 = Release|x86
	EndGlobalSection
	GlobalSection(ProjectConfigurationPlatforms) = postSolution
		{978D9ADB-752A-41ED-9DD7-92BCA2DFA5D7}.Debug|x64.ActiveCfg = Debug|x64
		{978D9ADB-752A-41ED-9DD7-92BCA2DFA5D7}.Debug|x64.Build.0 = Debug|x64
		{978D9ADB-752A-41ED-9DD7-92BCA2DFA5D7}.Debug|x86.ActiveCfg = Debug|Win32
		{978D9ADB-752A-41ED-9DD7-92BCA2DFA5D7}.Debug|x86.Build.0 = Debug|Win32
		{978D9ADB-752A-41ED-9DD7-92BCA2DFA5D7}.Release|x64.ActiveCfg = Release|x64
		{978D9ADB-752A-41ED-9DD7-92BCA2DFA5D7}.Release|x64.Build.0 = Release|x64
		{978D9ADB-752A-41ED-9DD7-92BCA2DFA5D7}.Release|x86.ActiveCfg = Release|Win32
		{978D9ADB-752A-41ED-9DD7-92BCA2DFA5D7}.Release|x86.Build.0 = Release|Win32
	EndGlobalSection
	GlobalSection(SolutionProperties) = preSolution
		HideSolutionNode = FALSE
	EndGlobalSection
	GlobalSection(ExtensibilityGlobals) = postSolution
		SolutionGuid = {6372A782-0E03-43D7-A083-9B2648FC6FE4}
	EndGlobalSection
EndGlobal
