
Microsoft Visual Studio Solution File, Format Version 12.00
# Visual Studio Version 16
VisualStudioVersion = 16.0.29306.81
MinimumVisualStudioVersion = 10.0.40219.1
Project("{8BC9CEB8-8B4A-11D0-8D11-00A0C91BC942}") = "Problem 9 all digit frequency", "Problem 9 all digit frequency\Problem 9 all digit frequency.vcxproj", "{ACC57C71-BBA8-427F-ADE2-573EED3C35BE}"
EndProject
Global
	GlobalSection(SolutionConfigurationPlatforms) = preSolution
		Debug|x64 = Debug|x64
		Debug|x86 = Debug|x86
		Release|x64 = Release|x64
		Release|x86 = Release|x86
	EndGlobalSection
	GlobalSection(ProjectConfigurationPlatforms) = postSolution
		{ACC57C71-BBA8-427F-ADE2-573EED3C35BE}.Debug|x64.ActiveCfg = Debug|x64
		{ACC57C71-BBA8-427F-ADE2-573EED3C35BE}.Debug|x64.Build.0 = Debug|x64
		{ACC57C71-BBA8-427F-ADE2-573EED3C35BE}.Debug|x86.ActiveCfg = Debug|Win32
		{ACC57C71-BBA8-427F-ADE2-573EED3C35BE}.Debug|x86.Build.0 = Debug|Win32
		{ACC57C71-BBA8-427F-ADE2-573EED3C35BE}.Release|x64.ActiveCfg = Release|x64
		{ACC57C71-BBA8-427F-ADE2-573EED3C35BE}.Release|x64.Build.0 = Release|x64
		{ACC57C71-BBA8-427F-ADE2-573EED3C35BE}.Release|x86.ActiveCfg = Release|Win32
		{ACC57C71-BBA8-427F-ADE2-573EED3C35BE}.Release|x86.Build.0 = Release|Win32
	EndGlobalSection
	GlobalSection(SolutionProperties) = preSolution
		HideSolutionNode = FALSE
	EndGlobalSection
	GlobalSection(ExtensibilityGlobals) = postSolution
		SolutionGuid = {D2F27AA7-4DC2-4784-AB70-3F4B3A15558D}
	EndGlobalSection
EndGlobal
