
Microsoft Visual Studio Solution File, Format Version 12.00
# Visual Studio Version 16
VisualStudioVersion = 16.0.29306.81
MinimumVisualStudioVersion = 10.0.40219.1
Project("{8BC9CEB8-8B4A-11D0-8D11-00A0C91BC942}") = "Problem 27 Invert Charcter Case", "Problem 27 Invert Charcter Case\Problem 27 Invert Charcter Case.vcxproj", "{2F361156-356E-4293-A745-72256F0D932D}"
EndProject
Global
	GlobalSection(SolutionConfigurationPlatforms) = preSolution
		Debug|x64 = Debug|x64
		Debug|x86 = Debug|x86
		Release|x64 = Release|x64
		Release|x86 = Release|x86
	EndGlobalSection
	GlobalSection(ProjectConfigurationPlatforms) = postSolution
		{2F361156-356E-4293-A745-72256F0D932D}.Debug|x64.ActiveCfg = Debug|x64
		{2F361156-356E-4293-A745-72256F0D932D}.Debug|x64.Build.0 = Debug|x64
		{2F361156-356E-4293-A745-72256F0D932D}.Debug|x86.ActiveCfg = Debug|Win32
		{2F361156-356E-4293-A745-72256F0D932D}.Debug|x86.Build.0 = Debug|Win32
		{2F361156-356E-4293-A745-72256F0D932D}.Release|x64.ActiveCfg = Release|x64
		{2F361156-356E-4293-A745-72256F0D932D}.Release|x64.Build.0 = Release|x64
		{2F361156-356E-4293-A745-72256F0D932D}.Release|x86.ActiveCfg = Release|Win32
		{2F361156-356E-4293-A745-72256F0D932D}.Release|x86.Build.0 = Release|Win32
	EndGlobalSection
	GlobalSection(SolutionProperties) = preSolution
		HideSolutionNode = FALSE
	EndGlobalSection
	GlobalSection(ExtensibilityGlobals) = postSolution
		SolutionGuid = {DBDD6668-2F0E-45C6-A689-16E0A0198BF3}
	EndGlobalSection
EndGlobal
