
Microsoft Visual Studio Solution File, Format Version 12.00
# Visual Studio Version 16
VisualStudioVersion = 16.0.29306.81
MinimumVisualStudioVersion = 10.0.40219.1
Project("{8BC9CEB8-8B4A-11D0-8D11-00A0C91BC942}") = "Problem 5 sum each col in new arr", "Problem 5 sum each col in new arr\Problem 5 sum each col in new arr.vcxproj", "{DE135E6E-7F4A-4C37-AEEC-390820092F04}"
EndProject
Global
	GlobalSection(SolutionConfigurationPlatforms) = preSolution
		Debug|x64 = Debug|x64
		Debug|x86 = Debug|x86
		Release|x64 = Release|x64
		Release|x86 = Release|x86
	EndGlobalSection
	GlobalSection(ProjectConfigurationPlatforms) = postSolution
		{DE135E6E-7F4A-4C37-AEEC-390820092F04}.Debug|x64.ActiveCfg = Debug|x64
		{DE135E6E-7F4A-4C37-AEEC-390820092F04}.Debug|x64.Build.0 = Debug|x64
		{DE135E6E-7F4A-4C37-AEEC-390820092F04}.Debug|x86.ActiveCfg = Debug|Win32
		{DE135E6E-7F4A-4C37-AEEC-390820092F04}.Debug|x86.Build.0 = Debug|Win32
		{DE135E6E-7F4A-4C37-AEEC-390820092F04}.Release|x64.ActiveCfg = Release|x64
		{DE135E6E-7F4A-4C37-AEEC-390820092F04}.Release|x64.Build.0 = Release|x64
		{DE135E6E-7F4A-4C37-AEEC-390820092F04}.Release|x86.ActiveCfg = Release|Win32
		{DE135E6E-7F4A-4C37-AEEC-390820092F04}.Release|x86.Build.0 = Release|Win32
	EndGlobalSection
	GlobalSection(SolutionProperties) = preSolution
		HideSolutionNode = FALSE
	EndGlobalSection
	GlobalSection(ExtensibilityGlobals) = postSolution
		SolutionGuid = {FD8D45B5-2A2E-46E1-84A7-3FDBC1A92046}
	EndGlobalSection
EndGlobal
