
Microsoft Visual Studio Solution File, Format Version 12.00
# Visual Studio Version 16
VisualStudioVersion = 16.0.29306.81
MinimumVisualStudioVersion = 10.0.40219.1
Project("{8BC9CEB8-8B4A-11D0-8D11-00A0C91BC942}") = "Problem 3 sum each row to new arr", "Problem 3 sum each row to new arr\Problem 3 sum each row to new arr.vcxproj", "{05D67F17-485F-421B-8FE0-5DB131C4E666}"
EndProject
Global
	GlobalSection(SolutionConfigurationPlatforms) = preSolution
		Debug|x64 = Debug|x64
		Debug|x86 = Debug|x86
		Release|x64 = Release|x64
		Release|x86 = Release|x86
	EndGlobalSection
	GlobalSection(ProjectConfigurationPlatforms) = postSolution
		{05D67F17-485F-421B-8FE0-5DB131C4E666}.Debug|x64.ActiveCfg = Debug|x64
		{05D67F17-485F-421B-8FE0-5DB131C4E666}.Debug|x64.Build.0 = Debug|x64
		{05D67F17-485F-421B-8FE0-5DB131C4E666}.Debug|x86.ActiveCfg = Debug|Win32
		{05D67F17-485F-421B-8FE0-5DB131C4E666}.Debug|x86.Build.0 = Debug|Win32
		{05D67F17-485F-421B-8FE0-5DB131C4E666}.Release|x64.ActiveCfg = Release|x64
		{05D67F17-485F-421B-8FE0-5DB131C4E666}.Release|x64.Build.0 = Release|x64
		{05D67F17-485F-421B-8FE0-5DB131C4E666}.Release|x86.ActiveCfg = Release|Win32
		{05D67F17-485F-421B-8FE0-5DB131C4E666}.Release|x86.Build.0 = Release|Win32
	EndGlobalSection
	GlobalSection(SolutionProperties) = preSolution
		HideSolutionNode = FALSE
	EndGlobalSection
	GlobalSection(ExtensibilityGlobals) = postSolution
		SolutionGuid = {151C8258-A11D-44F5-B666-E0F24921E2B7}
	EndGlobalSection
EndGlobal
