
Microsoft Visual Studio Solution File, Format Version 12.00
# Visual Studio Version 16
VisualStudioVersion = 16.0.29306.81
MinimumVisualStudioVersion = 10.0.40219.1
Project("{8BC9CEB8-8B4A-11D0-8D11-00A0C91BC942}") = "Problem 35 print each world in string", "Problem 35 print each world in string\Problem 35 print each world in string.vcxproj", "{2B316F9C-4560-4C20-93DC-52CF433ADDAC}"
EndProject
Global
	GlobalSection(SolutionConfigurationPlatforms) = preSolution
		Debug|x64 = Debug|x64
		Debug|x86 = Debug|x86
		Release|x64 = Release|x64
		Release|x86 = Release|x86
	EndGlobalSection
	GlobalSection(ProjectConfigurationPlatforms) = postSolution
		{2B316F9C-4560-4C20-93DC-52CF433ADDAC}.Debug|x64.ActiveCfg = Debug|x64
		{2B316F9C-4560-4C20-93DC-52CF433ADDAC}.Debug|x64.Build.0 = Debug|x64
		{2B316F9C-4560-4C20-93DC-52CF433ADDAC}.Debug|x86.ActiveCfg = Debug|Win32
		{2B316F9C-4560-4C20-93DC-52CF433ADDAC}.Debug|x86.Build.0 = Debug|Win32
		{2B316F9C-4560-4C20-93DC-52CF433ADDAC}.Release|x64.ActiveCfg = Release|x64
		{2B316F9C-4560-4C20-93DC-52CF433ADDAC}.Release|x64.Build.0 = Release|x64
		{2B316F9C-4560-4C20-93DC-52CF433ADDAC}.Release|x86.ActiveCfg = Release|Win32
		{2B316F9C-4560-4C20-93DC-52CF433ADDAC}.Release|x86.Build.0 = Release|Win32
	EndGlobalSection
	GlobalSection(SolutionProperties) = preSolution
		HideSolutionNode = FALSE
	EndGlobalSection
	GlobalSection(ExtensibilityGlobals) = postSolution
		SolutionGuid = {C6E8E263-8CC8-41FD-9B69-F5FAC166BE58}
	EndGlobalSection
EndGlobal
