
Microsoft Visual Studio Solution File, Format Version 12.00
# Visual Studio Version 16
VisualStudioVersion = 16.0.29306.81
MinimumVisualStudioVersion = 10.0.40219.1
Project("{8BC9CEB8-8B4A-11D0-8D11-00A0C91BC942}") = "Problem 40 Copy Distinct Number to Array", "Problem 40 Copy Distinct Number to Array\Problem 40 Copy Distinct Number to Array.vcxproj", "{FC9208C4-E6B7-45F7-A74E-284D05344553}"
EndProject
Global
	GlobalSection(SolutionConfigurationPlatforms) = preSolution
		Debug|x64 = Debug|x64
		Debug|x86 = Debug|x86
		Release|x64 = Release|x64
		Release|x86 = Release|x86
	EndGlobalSection
	GlobalSection(ProjectConfigurationPlatforms) = postSolution
		{FC9208C4-E6B7-45F7-A74E-284D05344553}.Debug|x64.ActiveCfg = Debug|x64
		{FC9208C4-E6B7-45F7-A74E-284D05344553}.Debug|x64.Build.0 = Debug|x64
		{FC9208C4-E6B7-45F7-A74E-284D05344553}.Debug|x86.ActiveCfg = Debug|Win32
		{FC9208C4-E6B7-45F7-A74E-284D05344553}.Debug|x86.Build.0 = Debug|Win32
		{FC9208C4-E6B7-45F7-A74E-284D05344553}.Release|x64.ActiveCfg = Release|x64
		{FC9208C4-E6B7-45F7-A74E-284D05344553}.Release|x64.Build.0 = Release|x64
		{FC9208C4-E6B7-45F7-A74E-284D05344553}.Release|x86.ActiveCfg = Release|Win32
		{FC9208C4-E6B7-45F7-A74E-284D05344553}.Release|x86.Build.0 = Release|Win32
	EndGlobalSection
	GlobalSection(SolutionProperties) = preSolution
		HideSolutionNode = FALSE
	EndGlobalSection
	GlobalSection(ExtensibilityGlobals) = postSolution
		SolutionGuid = {90F0D2D6-3812-409D-A7D6-67F762674F2D}
	EndGlobalSection
EndGlobal
