
Microsoft Visual Studio Solution File, Format Version 12.00
# Visual Studio Version 16
VisualStudioVersion = 16.0.29306.81
MinimumVisualStudioVersion = 10.0.40219.1
Project("{8BC9CEB8-8B4A-11D0-8D11-00A0C91BC942}") = "Problem 17  Guess a 3 Letter Password", "Problem 17  Guess a 3 Letter Password\Problem 17  Guess a 3 Letter Password.vcxproj", "{652A9768-13BD-4FB8-9DAC-0CD6C39A6B95}"
EndProject
Global
	GlobalSection(SolutionConfigurationPlatforms) = preSolution
		Debug|x64 = Debug|x64
		Debug|x86 = Debug|x86
		Release|x64 = Release|x64
		Release|x86 = Release|x86
	EndGlobalSection
	GlobalSection(ProjectConfigurationPlatforms) = postSolution
		{652A9768-13BD-4FB8-9DAC-0CD6C39A6B95}.Debug|x64.ActiveCfg = Debug|x64
		{652A9768-13BD-4FB8-9DAC-0CD6C39A6B95}.Debug|x64.Build.0 = Debug|x64
		{652A9768-13BD-4FB8-9DAC-0CD6C39A6B95}.Debug|x86.ActiveCfg = Debug|Win32
		{652A9768-13BD-4FB8-9DAC-0CD6C39A6B95}.Debug|x86.Build.0 = Debug|Win32
		{652A9768-13BD-4FB8-9DAC-0CD6C39A6B95}.Release|x64.ActiveCfg = Release|x64
		{652A9768-13BD-4FB8-9DAC-0CD6C39A6B95}.Release|x64.Build.0 = Release|x64
		{652A9768-13BD-4FB8-9DAC-0CD6C39A6B95}.Release|x86.ActiveCfg = Release|Win32
		{652A9768-13BD-4FB8-9DAC-0CD6C39A6B95}.Release|x86.Build.0 = Release|Win32
	EndGlobalSection
	GlobalSection(SolutionProperties) = preSolution
		HideSolutionNode = FALSE
	EndGlobalSection
	GlobalSection(ExtensibilityGlobals) = postSolution
		SolutionGuid = {803E961E-311A-44F8-9978-92B1E34E647E}
	EndGlobalSection
EndGlobal
