
Microsoft Visual Studio Solution File, Format Version 12.00
# Visual Studio Version 16
VisualStudioVersion = 16.0.29306.81
MinimumVisualStudioVersion = 10.0.40219.1
Project("{8BC9CEB8-8B4A-11D0-8D11-00A0C91BC942}") = "Problem 47 MyRound", "Problem 47 MyRound\Problem 47 MyRound.vcxproj", "{B0833F7A-7756-4346-8D1C-EB52C80B7344}"
EndProject
Global
	GlobalSection(SolutionConfigurationPlatforms) = preSolution
		Debug|x64 = Debug|x64
		Debug|x86 = Debug|x86
		Release|x64 = Release|x64
		Release|x86 = Release|x86
	EndGlobalSection
	GlobalSection(ProjectConfigurationPlatforms) = postSolution
		{B0833F7A-7756-4346-8D1C-EB52C80B7344}.Debug|x64.ActiveCfg = Debug|x64
		{B0833F7A-7756-4346-8D1C-EB52C80B7344}.Debug|x64.Build.0 = Debug|x64
		{B0833F7A-7756-4346-8D1C-EB52C80B7344}.Debug|x86.ActiveCfg = Debug|Win32
		{B0833F7A-7756-4346-8D1C-EB52C80B7344}.Debug|x86.Build.0 = Debug|Win32
		{B0833F7A-7756-4346-8D1C-EB52C80B7344}.Release|x64.ActiveCfg = Release|x64
		{B0833F7A-7756-4346-8D1C-EB52C80B7344}.Release|x64.Build.0 = Release|x64
		{B0833F7A-7756-4346-8D1C-EB52C80B7344}.Release|x86.ActiveCfg = Release|Win32
		{B0833F7A-7756-4346-8D1C-EB52C80B7344}.Release|x86.Build.0 = Release|Win32
	EndGlobalSection
	GlobalSection(SolutionProperties) = preSolution
		HideSolutionNode = FALSE
	EndGlobalSection
	GlobalSection(ExtensibilityGlobals) = postSolution
		SolutionGuid = {55386CC4-D43E-4472-99E3-3A0478144047}
	EndGlobalSection
EndGlobal
